
Microsoft Visual Studio Solution File, Format Version 12.00
# Visual Studio Version 16
VisualStudioVersion = 16.0.30517.126
MinimumVisualStudioVersion = 10.0.40219.1
Project("{FAE04EC0-301F-11D3-BF4B-00C04F79EFBC}") = "lab2", "lab2\lab2.csproj", "{8492E73B-012F-4AE2-A9AE-E4A7C45B2FDE}"
EndProject
Global
	GlobalSection(SolutionConfigurationPlatforms) = preSolution
		Debug|Any CPU = Debug|Any CPU
		Release|Any CPU = Release|Any CPU
	EndGlobalSection
	GlobalSection(ProjectConfigurationPlatforms) = postSolution
		{8492E73B-012F-4AE2-A9AE-E4A7C45B2FDE}.Debug|Any CPU.ActiveCfg = Debug|Any CPU
		{8492E73B-012F-4AE2-A9AE-E4A7C45B2FDE}.Debug|Any CPU.Build.0 = Debug|Any CPU
		{8492E73B-012F-4AE2-A9AE-E4A7C45B2FDE}.Release|Any CPU.ActiveCfg = Release|Any CPU
		{8492E73B-012F-4AE2-A9AE-E4A7C45B2FDE}.Release|Any CPU.Build.0 = Release|Any CPU
	EndGlobalSection
	GlobalSection(SolutionProperties) = preSolution
		HideSolutionNode = FALSE
	EndGlobalSection
	GlobalSection(ExtensibilityGlobals) = postSolution
		SolutionGuid = {AFF6B7FD-F2B7-416D-9219-E265C2662F6E}
	EndGlobalSection
EndGlobal
